
Microsoft Visual Studio Solution File, Format Version 12.00
# Visual Studio 2013
VisualStudioVersion = 12.0.31101.0
MinimumVisualStudioVersion = 10.0.40219.1
Project("{2150E333-8FDC-42A3-9474-1A3956D46DE8}") = "XJ.UI", "XJ.UI", "{5B015CDB-584C-4910-9732-D82A3C769F65}"
EndProject
Project("{FAE04EC0-301F-11D3-BF4B-00C04F79EFBC}") = "XJ.Web", "XJ.Web\XJ.Web.csproj", "{0CEDADB0-4285-4500-A04F-718DB3C2734B}"
EndProject
Project("{2150E333-8FDC-42A3-9474-1A3956D46DE8}") = "XJ.Rash", "XJ.Rash", "{36C8372D-562D-4FDA-B8C2-C97EF75863F6}"
EndProject
Project("{FAE04EC0-301F-11D3-BF4B-00C04F79EFBC}") = "XJ.Rash.Common", "XJ.Rash.Common\XJ.Rash.Common.csproj", "{DE2D7AC3-2F76-4FFF-86AA-BC66812F1845}"
EndProject
Project("{2150E333-8FDC-42A3-9474-1A3956D46DE8}") = "Xj.Model", "Xj.Model", "{D3293873-F776-43D4-9732-6043CFB62863}"
EndProject
Project("{FAE04EC0-301F-11D3-BF4B-00C04F79EFBC}") = "Xj.MSSQL.Model", "Xj.MSSQL.Model\Xj.MSSQL.Model.csproj", "{A000909F-332E-451F-89B9-096FA96815EB}"
EndProject
Project("{FAE04EC0-301F-11D3-BF4B-00C04F79EFBC}") = "Xj.CommonModel", "Xj.CommonModel\Xj.CommonModel.csproj", "{D8F8C0BC-FE16-4D18-95A0-BB11D1C91F99}"
EndProject
Project("{FAE04EC0-301F-11D3-BF4B-00C04F79EFBC}") = "XJ.Common", "XJ.Common\XJ.Common.csproj", "{DE85517A-5254-444F-83FD-BF8521E946FA}"
EndProject
Global
	GlobalSection(SolutionConfigurationPlatforms) = preSolution
		Debug|Any CPU = Debug|Any CPU
		Release|Any CPU = Release|Any CPU
	EndGlobalSection
	GlobalSection(ProjectConfigurationPlatforms) = postSolution
		{0CEDADB0-4285-4500-A04F-718DB3C2734B}.Debug|Any CPU.ActiveCfg = Debug|Any CPU
		{0CEDADB0-4285-4500-A04F-718DB3C2734B}.Debug|Any CPU.Build.0 = Debug|Any CPU
		{0CEDADB0-4285-4500-A04F-718DB3C2734B}.Release|Any CPU.ActiveCfg = Release|Any CPU
		{0CEDADB0-4285-4500-A04F-718DB3C2734B}.Release|Any CPU.Build.0 = Release|Any CPU
		{DE2D7AC3-2F76-4FFF-86AA-BC66812F1845}.Debug|Any CPU.ActiveCfg = Debug|Any CPU
		{DE2D7AC3-2F76-4FFF-86AA-BC66812F1845}.Debug|Any CPU.Build.0 = Debug|Any CPU
		{DE2D7AC3-2F76-4FFF-86AA-BC66812F1845}.Release|Any CPU.ActiveCfg = Release|Any CPU
		{DE2D7AC3-2F76-4FFF-86AA-BC66812F1845}.Release|Any CPU.Build.0 = Release|Any CPU
		{A000909F-332E-451F-89B9-096FA96815EB}.Debug|Any CPU.ActiveCfg = Debug|Any CPU
		{A000909F-332E-451F-89B9-096FA96815EB}.Debug|Any CPU.Build.0 = Debug|Any CPU
		{A000909F-332E-451F-89B9-096FA96815EB}.Release|Any CPU.ActiveCfg = Release|Any CPU
		{A000909F-332E-451F-89B9-096FA96815EB}.Release|Any CPU.Build.0 = Release|Any CPU
		{D8F8C0BC-FE16-4D18-95A0-BB11D1C91F99}.Debug|Any CPU.ActiveCfg = Debug|Any CPU
		{D8F8C0BC-FE16-4D18-95A0-BB11D1C91F99}.Debug|Any CPU.Build.0 = Debug|Any CPU
		{D8F8C0BC-FE16-4D18-95A0-BB11D1C91F99}.Release|Any CPU.ActiveCfg = Release|Any CPU
		{D8F8C0BC-FE16-4D18-95A0-BB11D1C91F99}.Release|Any CPU.Build.0 = Release|Any CPU
		{DE85517A-5254-444F-83FD-BF8521E946FA}.Debug|Any CPU.ActiveCfg = Debug|Any CPU
		{DE85517A-5254-444F-83FD-BF8521E946FA}.Debug|Any CPU.Build.0 = Debug|Any CPU
		{DE85517A-5254-444F-83FD-BF8521E946FA}.Release|Any CPU.ActiveCfg = Release|Any CPU
		{DE85517A-5254-444F-83FD-BF8521E946FA}.Release|Any CPU.Build.0 = Release|Any CPU
	EndGlobalSection
	GlobalSection(SolutionProperties) = preSolution
		HideSolutionNode = FALSE
	EndGlobalSection
	GlobalSection(NestedProjects) = preSolution
		{0CEDADB0-4285-4500-A04F-718DB3C2734B} = {5B015CDB-584C-4910-9732-D82A3C769F65}
		{DE2D7AC3-2F76-4FFF-86AA-BC66812F1845} = {36C8372D-562D-4FDA-B8C2-C97EF75863F6}
		{A000909F-332E-451F-89B9-096FA96815EB} = {D3293873-F776-43D4-9732-6043CFB62863}
		{D8F8C0BC-FE16-4D18-95A0-BB11D1C91F99} = {D3293873-F776-43D4-9732-6043CFB62863}
		{DE85517A-5254-444F-83FD-BF8521E946FA} = {5B015CDB-584C-4910-9732-D82A3C769F65}
	EndGlobalSection
EndGlobal
